{
	"lockfileVersion": 1,
	"dependencies": {
		"@mojule/element-meta": {
			"version": "0.1.3",
			"resolved": "https://registry.npmjs.org/@mojule/element-meta/-/element-meta-0.1.3.tgz",
			"integrity": "sha512-tf4gtG/QLXVbdPsSbSsZBIg9ilw7WLJX6v/MbakhSZkICYpoQUm3+1b9FG8cdWQYh6EDmtQwCBESAGkTbpbX7g=="
		},
		"@mojule/is": {
			"version": "0.2.1",
			"resolved": "https://registry.npmjs.org/@mojule/is/-/is-0.2.1.tgz",
			"integrity": "sha512-VboytJCYL53D3UC+YI5tGsS/1PE0ljBQvTIYtnJUfh2DhTXeNlook7olkmIVgAplAzTKE6VTIndT8k6+tsrxdw=="
		},
		"@mojule/utils": {
			"version": "0.1.16",
			"resolved": "https://registry.npmjs.org/@mojule/utils/-/utils-0.1.16.tgz",
			"integrity": "sha512-0+Q1POhPM4K8cU5DYACTiJM2uDrB0E99Scmbv/1qtsTV8isus1+lHxKbrxZIFf25kqXO/kRW1/XVgRS8LjIAZw=="
		},
		"lodash.range": {
			"version": "3.2.0",
			"resolved": "https://registry.npmjs.org/lodash.range/-/lodash.range-3.2.0.tgz",
			"integrity": "sha1-9GHliPZmg/fq3q3lE+OKaaVloV0="
		}
	}
}
